{
  "originHash" : "b6f76f36f000e0d8d5e101abafdf7d9fc893449850bb08fa6bfba26f7c695dc8",
  "pins" : [
    {
      "identity" : "swift-argument-parser",
      "kind" : "remoteSourceControl",
      "location" : "https://github.com/apple/swift-argument-parser",
      "state" : {
        "revision" : "6a52f3251125d74daf04fcbd5e6f08a75d074382",
        "version" : "1.8.2"
      }
    },
    {
      "identity" : "swift-async-algorithms",
      "kind" : "remoteSourceControl",
      "location" : "https://github.com/apple/swift-async-algorithms.git",
      "state" : {
        "revision" : "d0b4a06d0f173a2f3be27d3ea21b3c3aa18db440",
        "version" : "1.1.4"
      }
    },
    {
      "identity" : "swift-collections",
      "kind" : "remoteSourceControl",
      "location" : "https://github.com/apple/swift-collections",
      "state" : {
        "revision" : "a0cb0954ecb21e4e31b0070e6ed5674e8556685a",
        "version" : "1.6.0"
      }
    },
    {
      "identity" : "swift-tui",
      "kind" : "remoteSourceControl",
      "location" : "https://github.com/christopherkarani/swift-tui.git",
      "state" : {
        "revision" : "aaa92345d30e281af61389683d9c755b6656e5ce",
        "version" : "0.14.0-rv1"
      }
    },
    {
      "identity" : "swiftterm",
      "kind" : "remoteSourceControl",
      "location" : "https://github.com/migueldeicaza/SwiftTerm",
      "state" : {
        "revision" : "464df5207fc2432e16c9a23abe538187196daf5f",
        "version" : "1.19.0"
      }
    }
  ],
  "version" : 3
}
